
Microsoft Visual Studio Solution File, Format Version 12.00
# Visual Studio Version 16
VisualStudioVersion = 16.0.29209.152
MinimumVisualStudioVersion = 10.0.40219.1
Project("{9A19103F-16F7-4668-BE54-9A1E7A4F7556}") = "Assimp.Net.netstandard2.0", "AssimpNet\Assimp.Net.netstandard2.0.csproj", "{767EAC58-4A26-4EAA-9532-41DBB82B69D8}"
EndProject
Project("{FAE04EC0-301F-11D3-BF4B-00C04F79EFBC}") = "AssimpNet.Interop.Generator", "AssimpNet.Interop.Generator\AssimpNet.Interop.Generator.net472.csproj", "{EA4EF0BE-B8A9-4149-8B5A-7E353AD628C0}"
EndProject
Global
	GlobalSection(SolutionConfigurationPlatforms) = preSolution
		Debug|Any CPU = Debug|Any CPU
		Net45-Release|Any CPU = Net45-Release|Any CPU
		Release|Any CPU = Release|Any CPU
	EndGlobalSection
	GlobalSection(ProjectConfigurationPlatforms) = postSolution
		{767EAC58-4A26-4EAA-9532-41DBB82B69D8}.Debug|Any CPU.ActiveCfg = Debug|Any CPU
		{767EAC58-4A26-4EAA-9532-41DBB82B69D8}.Debug|Any CPU.Build.0 = Debug|Any CPU
		{767EAC58-4A26-4EAA-9532-41DBB82B69D8}.Net45-Release|Any CPU.ActiveCfg = Release|Any CPU
		{767EAC58-4A26-4EAA-9532-41DBB82B69D8}.Net45-Release|Any CPU.Build.0 = Release|Any CPU
		{767EAC58-4A26-4EAA-9532-41DBB82B69D8}.Release|Any CPU.ActiveCfg = Release|Any CPU
		{767EAC58-4A26-4EAA-9532-41DBB82B69D8}.Release|Any CPU.Build.0 = Release|Any CPU
		{EA4EF0BE-B8A9-4149-8B5A-7E353AD628C0}.Debug|Any CPU.ActiveCfg = Debug|Any CPU
		{EA4EF0BE-B8A9-4149-8B5A-7E353AD628C0}.Debug|Any CPU.Build.0 = Debug|Any CPU
		{EA4EF0BE-B8A9-4149-8B5A-7E353AD628C0}.Net45-Release|Any CPU.ActiveCfg = Net45-Release|Any CPU
		{EA4EF0BE-B8A9-4149-8B5A-7E353AD628C0}.Net45-Release|Any CPU.Build.0 = Net45-Release|Any CPU
		{EA4EF0BE-B8A9-4149-8B5A-7E353AD628C0}.Release|Any CPU.ActiveCfg = Release|Any CPU
		{EA4EF0BE-B8A9-4149-8B5A-7E353AD628C0}.Release|Any CPU.Build.0 = Release|Any CPU
	EndGlobalSection
	GlobalSection(SolutionProperties) = preSolution
		HideSolutionNode = FALSE
	EndGlobalSection
	GlobalSection(ExtensibilityGlobals) = postSolution
		SolutionGuid = {D16F6AC0-B543-436A-B648-47E0988DDE3D}
	EndGlobalSection
EndGlobal
