
Microsoft Visual Studio Solution File, Format Version 12.00
# Visual Studio Version 16
VisualStudioVersion = 16.0.29209.152
MinimumVisualStudioVersion = 10.0.40219.1
Project("{9A19103F-16F7-4668-BE54-9A1E7A4F7556}") = "AssimpNet.Core3", "AssimpNet\AssimpNet.Core3.csproj", "{3415FF29-C0BE-44FC-AD34-94796118E690}"
EndProject
Project("{FAE04EC0-301F-11D3-BF4B-00C04F79EFBC}") = "AssimpNet.Interop.Generator", "AssimpNet.Interop.Generator\AssimpNet.Interop.Generator.core3.csproj", "{EA4EF0BE-B8A9-4149-8B5A-7E353AD628C0}"
EndProject
Global
	GlobalSection(SolutionConfigurationPlatforms) = preSolution
		Debug|Any CPU = Debug|Any CPU
		Release|Any CPU = Release|Any CPU
	EndGlobalSection
EndGlobal
